// !$*UTF8*$!
{
	archiveVersion = 1;
	classes = {
	};
	objectVersion = 50;
	objects = {

/* Begin PBXBuildFile section */
		21626744238431F10019FD74 /* libsqlite3.0.tbd in Frameworks */ = {isa = PBXBuildFile; fileRef = 21626743238431F10019FD74 /* libsqlite3.0.tbd */; };
		21626746238431F80019FD74 /* SystemConfiguration.framework in Frameworks */ = {isa = PBXBuildFile; fileRef = 21626745238431F80019FD74 /* SystemConfiguration.framework */; };
		21626748238432010019FD74 /* Security.framework in Frameworks */ = {isa = PBXBuildFile; fileRef = 21626747238432010019FD74 /* Security.framework */; };
		2162674A238432070019FD74 /* libz.tbd in Frameworks */ = {isa = PBXBuildFile; fileRef = 21626749238432070019FD74 /* libz.tbd */; };
		2162674C2384320C0019FD74 /* AdSupport.framework in Frameworks */ = {isa = PBXBuildFile; fileRef = 2162674B2384320C0019FD74 /* AdSupport.framework */; };
		2162674E238432110019FD74 /* iAd.framework in Frameworks */ = {isa = PBXBuildFile; fileRef = 2162674D238432110019FD74 /* iAd.framework */; };
		216267542384340D0019FD74 /* libSingular.a in Frameworks */ = {isa = PBXBuildFile; fileRef = 216267502384340D0019FD74 /* libSingular.a */; };
		216267552384340D0019FD74 /* Singular.js in Resources */ = {isa = PBXBuildFile; fileRef = 216267512384340D0019FD74 /* Singular.js */; };
		2162675823843BE70019FD74 /* CustomEventsController.m in Sources */ = {isa = PBXBuildFile; fileRef = 2162675723843BE70019FD74 /* CustomEventsController.m */; };
		2162675C2384464C0019FD74 /* RevenueController.m in Sources */ = {isa = PBXBuildFile; fileRef = 2162675B2384464C0019FD74 /* RevenueController.m */; };
		21626765238559130019FD74 /* TabController.m in Sources */ = {isa = PBXBuildFile; fileRef = 21626764238559130019FD74 /* TabController.m */; };
		2162676C238566C00019FD74 /* DeeplinkController.m in Sources */ = {isa = PBXBuildFile; fileRef = 2162676B238566C00019FD74 /* DeeplinkController.m */; };
		216267732386BCA60019FD74 /* Utils.m in Sources */ = {isa = PBXBuildFile; fileRef = 216267722386BCA60019FD74 /* Utils.m */; };
		21A3D9C12393D89300290460 /* IdentityController.m in Sources */ = {isa = PBXBuildFile; fileRef = 21A3D9C02393D89300290460 /* IdentityController.m */; };
		21DB6DB4237C036B008E845A /* AppDelegate.m in Sources */ = {isa = PBXBuildFile; fileRef = 21DB6DB3237C036B008E845A /* AppDelegate.m */; };
		21DB6DBD237C036B008E845A /* Main.storyboard in Resources */ = {isa = PBXBuildFile; fileRef = 21DB6DBB237C036B008E845A /* Main.storyboard */; };
		21DB6DBF237C036E008E845A /* Assets.xcassets in Resources */ = {isa = PBXBuildFile; fileRef = 21DB6DBE237C036E008E845A /* Assets.xcassets */; };
		21DB6DC2237C036E008E845A /* LaunchScreen.storyboard in Resources */ = {isa = PBXBuildFile; fileRef = 21DB6DC0237C036E008E845A /* LaunchScreen.storyboard */; };
		21DB6DC5237C036E008E845A /* main.m in Sources */ = {isa = PBXBuildFile; fileRef = 21DB6DC4237C036E008E845A /* main.m */; };
/* End PBXBuildFile section */

/* Begin PBXFileReference section */
		21626743238431F10019FD74 /* libsqlite3.0.tbd */ = {isa = PBXFileReference; lastKnownFileType = "sourcecode.text-based-dylib-definition"; name = libsqlite3.0.tbd; path = usr/lib/libsqlite3.0.tbd; sourceTree = SDKROOT; };
		21626745238431F80019FD74 /* SystemConfiguration.framework */ = {isa = PBXFileReference; lastKnownFileType = wrapper.framework; name = SystemConfiguration.framework; path = System/Library/Frameworks/SystemConfiguration.framework; sourceTree = SDKROOT; };
		21626747238432010019FD74 /* Security.framework */ = {isa = PBXFileReference; lastKnownFileType = wrapper.framework; name = Security.framework; path = System/Library/Frameworks/Security.framework; sourceTree = SDKROOT; };
		21626749238432070019FD74 /* libz.tbd */ = {isa = PBXFileReference; lastKnownFileType = "sourcecode.text-based-dylib-definition"; name = libz.tbd; path = usr/lib/libz.tbd; sourceTree = SDKROOT; };
		2162674B2384320C0019FD74 /* AdSupport.framework */ = {isa = PBXFileReference; lastKnownFileType = wrapper.framework; name = AdSupport.framework; path = System/Library/Frameworks/AdSupport.framework; sourceTree = SDKROOT; };
		2162674D238432110019FD74 /* iAd.framework */ = {isa = PBXFileReference; lastKnownFileType = wrapper.framework; name = iAd.framework; path = System/Library/Frameworks/iAd.framework; sourceTree = SDKROOT; };
		216267502384340D0019FD74 /* libSingular.a */ = {isa = PBXFileReference; lastKnownFileType = archive.ar; path = libSingular.a; sourceTree = "<group>"; };
		216267512384340D0019FD74 /* Singular.js */ = {isa = PBXFileReference; fileEncoding = 4; lastKnownFileType = sourcecode.javascript; path = Singular.js; sourceTree = "<group>"; };
		216267522384340D0019FD74 /* SingularLinkParams.h */ = {isa = PBXFileReference; fileEncoding = 4; lastKnownFileType = sourcecode.c.h; path = SingularLinkParams.h; sourceTree = "<group>"; };
		216267532384340D0019FD74 /* Singular.h */ = {isa = PBXFileReference; fileEncoding = 4; lastKnownFileType = sourcecode.c.h; path = Singular.h; sourceTree = "<group>"; };
		2162675623843BE70019FD74 /* CustomEventsController.h */ = {isa = PBXFileReference; lastKnownFileType = sourcecode.c.h; path = CustomEventsController.h; sourceTree = "<group>"; };
		2162675723843BE70019FD74 /* CustomEventsController.m */ = {isa = PBXFileReference; lastKnownFileType = sourcecode.c.objc; path = CustomEventsController.m; sourceTree = "<group>"; };
		2162675A2384464C0019FD74 /* RevenueController.h */ = {isa = PBXFileReference; lastKnownFileType = sourcecode.c.h; path = RevenueController.h; sourceTree = "<group>"; };
		2162675B2384464C0019FD74 /* RevenueController.m */ = {isa = PBXFileReference; lastKnownFileType = sourcecode.c.objc; path = RevenueController.m; sourceTree = "<group>"; };
		21626763238559130019FD74 /* TabController.h */ = {isa = PBXFileReference; lastKnownFileType = sourcecode.c.h; path = TabController.h; sourceTree = "<group>"; };
		21626764238559130019FD74 /* TabController.m */ = {isa = PBXFileReference; lastKnownFileType = sourcecode.c.objc; path = TabController.m; sourceTree = "<group>"; };
		2162676A238566C00019FD74 /* DeeplinkController.h */ = {isa = PBXFileReference; lastKnownFileType = sourcecode.c.h; path = DeeplinkController.h; sourceTree = "<group>"; };
		2162676B238566C00019FD74 /* DeeplinkController.m */ = {isa = PBXFileReference; lastKnownFileType = sourcecode.c.objc; path = DeeplinkController.m; sourceTree = "<group>"; };
		216267702386BC040019FD74 /* Constants.h */ = {isa = PBXFileReference; lastKnownFileType = sourcecode.c.h; path = Constants.h; sourceTree = "<group>"; };
		216267712386BCA60019FD74 /* Utils.h */ = {isa = PBXFileReference; lastKnownFileType = sourcecode.c.h; path = Utils.h; sourceTree = "<group>"; };
		216267722386BCA60019FD74 /* Utils.m */ = {isa = PBXFileReference; lastKnownFileType = sourcecode.c.objc; path = Utils.m; sourceTree = "<group>"; };
		21A3D9BF2393D89300290460 /* IdentityController.h */ = {isa = PBXFileReference; lastKnownFileType = sourcecode.c.h; path = IdentityController.h; sourceTree = "<group>"; };
		21A3D9C02393D89300290460 /* IdentityController.m */ = {isa = PBXFileReference; lastKnownFileType = sourcecode.c.objc; path = IdentityController.m; sourceTree = "<group>"; };
		21DB6DAF237C036B008E845A /* iOSSampleApp.app */ = {isa = PBXFileReference; explicitFileType = wrapper.application; includeInIndex = 0; path = iOSSampleApp.app; sourceTree = BUILT_PRODUCTS_DIR; };
		21DB6DB2237C036B008E845A /* AppDelegate.h */ = {isa = PBXFileReference; lastKnownFileType = sourcecode.c.h; path = AppDelegate.h; sourceTree = "<group>"; };
		21DB6DB3237C036B008E845A /* AppDelegate.m */ = {isa = PBXFileReference; lastKnownFileType = sourcecode.c.objc; path = AppDelegate.m; sourceTree = "<group>"; };
		21DB6DBC237C036B008E845A /* Base */ = {isa = PBXFileReference; lastKnownFileType = file.storyboard; name = Base; path = Base.lproj/Main.storyboard; sourceTree = "<group>"; };
		21DB6DBE237C036E008E845A /* Assets.xcassets */ = {isa = PBXFileReference; lastKnownFileType = folder.assetcatalog; path = Assets.xcassets; sourceTree = "<group>"; };
		21DB6DC1237C036E008E845A /* Base */ = {isa = PBXFileReference; lastKnownFileType = file.storyboard; name = Base; path = Base.lproj/LaunchScreen.storyboard; sourceTree = "<group>"; };
		21DB6DC3237C036E008E845A /* Info.plist */ = {isa = PBXFileReference; lastKnownFileType = text.plist.xml; path = Info.plist; sourceTree = "<group>"; };
		21DB6DC4237C036E008E845A /* main.m */ = {isa = PBXFileReference; lastKnownFileType = sourcecode.c.objc; path = main.m; sourceTree = "<group>"; };
/* End PBXFileReference section */

/* Begin PBXFrameworksBuildPhase section */
		21DB6DAC237C036B008E845A /* Frameworks */ = {
			isa = PBXFrameworksBuildPhase;
			buildActionMask = 2147483647;
			files = (
				2162674E238432110019FD74 /* iAd.framework in Frameworks */,
				2162674C2384320C0019FD74 /* AdSupport.framework in Frameworks */,
				2162674A238432070019FD74 /* libz.tbd in Frameworks */,
				21626748238432010019FD74 /* Security.framework in Frameworks */,
				21626746238431F80019FD74 /* SystemConfiguration.framework in Frameworks */,
				21626744238431F10019FD74 /* libsqlite3.0.tbd in Frameworks */,
				216267542384340D0019FD74 /* libSingular.a in Frameworks */,
			);
			runOnlyForDeploymentPostprocessing = 0;
		};
/* End PBXFrameworksBuildPhase section */

/* Begin PBXGroup section */
		21626742238431F10019FD74 /* Frameworks */ = {
			isa = PBXGroup;
			children = (
				2162674D238432110019FD74 /* iAd.framework */,
				2162674B2384320C0019FD74 /* AdSupport.framework */,
				21626749238432070019FD74 /* libz.tbd */,
				21626747238432010019FD74 /* Security.framework */,
				21626745238431F80019FD74 /* SystemConfiguration.framework */,
				21626743238431F10019FD74 /* libsqlite3.0.tbd */,
			);
			name = Frameworks;
			sourceTree = "<group>";
		};
		2162674F2384340D0019FD74 /* Singular-SDK */ = {
			isa = PBXGroup;
			children = (
				216267502384340D0019FD74 /* libSingular.a */,
				216267512384340D0019FD74 /* Singular.js */,
				216267522384340D0019FD74 /* SingularLinkParams.h */,
				216267532384340D0019FD74 /* Singular.h */,
			);
			path = "Singular-SDK";
			sourceTree = "<group>";
		};
		21626759238444350019FD74 /* Controllers */ = {
			isa = PBXGroup;
			children = (
				2162675623843BE70019FD74 /* CustomEventsController.h */,
				2162675723843BE70019FD74 /* CustomEventsController.m */,
				2162675A2384464C0019FD74 /* RevenueController.h */,
				2162675B2384464C0019FD74 /* RevenueController.m */,
				21626763238559130019FD74 /* TabController.h */,
				21626764238559130019FD74 /* TabController.m */,
				2162676A238566C00019FD74 /* DeeplinkController.h */,
				2162676B238566C00019FD74 /* DeeplinkController.m */,
				21A3D9BF2393D89300290460 /* IdentityController.h */,
				21A3D9C02393D89300290460 /* IdentityController.m */,
			);
			path = Controllers;
			sourceTree = "<group>";
		};
		21DB6DA6237C036B008E845A = {
			isa = PBXGroup;
			children = (
				2162674F2384340D0019FD74 /* Singular-SDK */,
				21DB6DB1237C036B008E845A /* ios-sample-app */,
				21DB6DB0237C036B008E845A /* Products */,
				21626742238431F10019FD74 /* Frameworks */,
			);
			sourceTree = "<group>";
		};
		21DB6DB0237C036B008E845A /* Products */ = {
			isa = PBXGroup;
			children = (
				21DB6DAF237C036B008E845A /* iOSSampleApp.app */,
			);
			name = Products;
			sourceTree = "<group>";
		};
		21DB6DB1237C036B008E845A /* ios-sample-app */ = {
			isa = PBXGroup;
			children = (
				21626759238444350019FD74 /* Controllers */,
				21DB6DB2237C036B008E845A /* AppDelegate.h */,
				21DB6DB3237C036B008E845A /* AppDelegate.m */,
				216267702386BC040019FD74 /* Constants.h */,
				216267712386BCA60019FD74 /* Utils.h */,
				216267722386BCA60019FD74 /* Utils.m */,
				21DB6DBB237C036B008E845A /* Main.storyboard */,
				21DB6DBE237C036E008E845A /* Assets.xcassets */,
				21DB6DC0237C036E008E845A /* LaunchScreen.storyboard */,
				21DB6DC3237C036E008E845A /* Info.plist */,
				21DB6DC4237C036E008E845A /* main.m */,
			);
			path = "ios-sample-app";
			sourceTree = "<group>";
		};
/* End PBXGroup section */

/* Begin PBXNativeTarget section */
		21DB6DAE237C036B008E845A /* ios-sample-app */ = {
			isa = PBXNativeTarget;
			buildConfigurationList = 21DB6DC8237C036E008E845A /* Build configuration list for PBXNativeTarget "ios-sample-app" */;
			buildPhases = (
				21DB6DAB237C036B008E845A /* Sources */,
				21DB6DAC237C036B008E845A /* Frameworks */,
				21DB6DAD237C036B008E845A /* Resources */,
			);
			buildRules = (
			);
			dependencies = (
			);
			name = "ios-sample-app";
			productName = "ios-sample-app";
			productReference = 21DB6DAF237C036B008E845A /* iOSSampleApp.app */;
			productType = "com.apple.product-type.application";
		};
/* End PBXNativeTarget section */

/* Begin PBXProject section */
		21DB6DA7237C036B008E845A /* Project object */ = {
			isa = PBXProject;
			attributes = {
				LastUpgradeCheck = 1110;
				ORGANIZATIONNAME = "Singular Labs";
				TargetAttributes = {
					21DB6DAE237C036B008E845A = {
						CreatedOnToolsVersion = 11.1;
					};
				};
			};
			buildConfigurationList = 21DB6DAA237C036B008E845A /* Build configuration list for PBXProject "ios-sample-app" */;
			compatibilityVersion = "Xcode 9.3";
			developmentRegion = en;
			hasScannedForEncodings = 0;
			knownRegions = (
				en,
				Base,
			);
			mainGroup = 21DB6DA6237C036B008E845A;
			productRefGroup = 21DB6DB0237C036B008E845A /* Products */;
			projectDirPath = "";
			projectRoot = "";
			targets = (
				21DB6DAE237C036B008E845A /* ios-sample-app */,
			);
		};
/* End PBXProject section */

/* Begin PBXResourcesBuildPhase section */
		21DB6DAD237C036B008E845A /* Resources */ = {
			isa = PBXResourcesBuildPhase;
			buildActionMask = 2147483647;
			files = (
				21DB6DC2237C036E008E845A /* LaunchScreen.storyboard in Resources */,
				21DB6DBF237C036E008E845A /* Assets.xcassets in Resources */,
				21DB6DBD237C036B008E845A /* Main.storyboard in Resources */,
				216267552384340D0019FD74 /* Singular.js in Resources */,
			);
			runOnlyForDeploymentPostprocessing = 0;
		};
/* End PBXResourcesBuildPhase section */

/* Begin PBXSourcesBuildPhase section */
		21DB6DAB237C036B008E845A /* Sources */ = {
			isa = PBXSourcesBuildPhase;
			buildActionMask = 2147483647;
			files = (
				216267732386BCA60019FD74 /* Utils.m in Sources */,
				21DB6DB4237C036B008E845A /* AppDelegate.m in Sources */,
				21DB6DC5237C036E008E845A /* main.m in Sources */,
				2162675823843BE70019FD74 /* CustomEventsController.m in Sources */,
				21A3D9C12393D89300290460 /* IdentityController.m in Sources */,
				2162676C238566C00019FD74 /* DeeplinkController.m in Sources */,
				2162675C2384464C0019FD74 /* RevenueController.m in Sources */,
				21626765238559130019FD74 /* TabController.m in Sources */,
			);
			runOnlyForDeploymentPostprocessing = 0;
		};
/* End PBXSourcesBuildPhase section */

/* Begin PBXVariantGroup section */
		21DB6DBB237C036B008E845A /* Main.storyboard */ = {
			isa = PBXVariantGroup;
			children = (
				21DB6DBC237C036B008E845A /* Base */,
			);
			name = Main.storyboard;
			sourceTree = "<group>";
		};
		21DB6DC0237C036E008E845A /* LaunchScreen.storyboard */ = {
			isa = PBXVariantGroup;
			children = (
				21DB6DC1237C036E008E845A /* Base */,
			);
			name = LaunchScreen.storyboard;
			sourceTree = "<group>";
		};
/* End PBXVariantGroup section */

/* Begin XCBuildConfiguration section */
		21DB6DC6237C036E008E845A /* Debug */ = {
			isa = XCBuildConfiguration;
			buildSettings = {
				ALWAYS_SEARCH_USER_PATHS = NO;
				CLANG_ANALYZER_NONNULL = YES;
				CLANG_ANALYZER_NUMBER_OBJECT_CONVERSION = YES_AGGRESSIVE;
				CLANG_CXX_LANGUAGE_STANDARD = "gnu++14";
				CLANG_CXX_LIBRARY = "libc++";
				CLANG_ENABLE_MODULES = YES;
				CLANG_ENABLE_OBJC_ARC = YES;
				CLANG_ENABLE_OBJC_WEAK = YES;
				CLANG_WARN_BLOCK_CAPTURE_AUTORELEASING = YES;
				CLANG_WARN_BOOL_CONVERSION = YES;
				CLANG_WARN_COMMA = YES;
				CLANG_WARN_CONSTANT_CONVERSION = YES;
				CLANG_WARN_DEPRECATED_OBJC_IMPLEMENTATIONS = YES;
				CLANG_WARN_DIRECT_OBJC_ISA_USAGE = YES_ERROR;
				CLANG_WARN_DOCUMENTATION_COMMENTS = YES;
				CLANG_WARN_EMPTY_BODY = YES;
				CLANG_WARN_ENUM_CONVERSION = YES;
				CLANG_WARN_INFINITE_RECURSION = YES;
				CLANG_WARN_INT_CONVERSION = YES;
				CLANG_WARN_NON_LITERAL_NULL_CONVERSION = YES;
				CLANG_WARN_OBJC_IMPLICIT_RETAIN_SELF = YES;
				CLANG_WARN_OBJC_LITERAL_CONVERSION = YES;
				CLANG_WARN_OBJC_ROOT_CLASS = YES_ERROR;
				CLANG_WARN_RANGE_LOOP_ANALYSIS = YES;
				CLANG_WARN_STRICT_PROTOTYPES = YES;
				CLANG_WARN_SUSPICIOUS_MOVE = YES;
				CLANG_WARN_UNGUARDED_AVAILABILITY = YES_AGGRESSIVE;
				CLANG_WARN_UNREACHABLE_CODE = YES;
				CLANG_WARN__DUPLICATE_METHOD_MATCH = YES;
				COPY_PHASE_STRIP = NO;
				DEBUG_INFORMATION_FORMAT = dwarf;
				ENABLE_STRICT_OBJC_MSGSEND = YES;
				ENABLE_TESTABILITY = YES;
				GCC_C_LANGUAGE_STANDARD = gnu11;
				GCC_DYNAMIC_NO_PIC = NO;
				GCC_NO_COMMON_BLOCKS = YES;
				GCC_OPTIMIZATION_LEVEL = 0;
				GCC_PREPROCESSOR_DEFINITIONS = (
					"DEBUG=1",
					"$(inherited)",
				);
				GCC_WARN_64_TO_32_BIT_CONVERSION = YES;
				GCC_WARN_ABOUT_RETURN_TYPE = YES_ERROR;
				GCC_WARN_UNDECLARED_SELECTOR = YES;
				GCC_WARN_UNINITIALIZED_AUTOS = YES_AGGRESSIVE;
				GCC_WARN_UNUSED_FUNCTION = YES;
				GCC_WARN_UNUSED_VARIABLE = YES;
				IPHONEOS_DEPLOYMENT_TARGET = 13.1;
				LIBRARY_SEARCH_PATHS = "${PROJECT_DIR}/Singular-SDK";
				MTL_ENABLE_DEBUG_INFO = INCLUDE_SOURCE;
				MTL_FAST_MATH = YES;
				ONLY_ACTIVE_ARCH = YES;
				SDKROOT = iphoneos;
			};
			name = Debug;
		};
		21DB6DC7237C036E008E845A /* Release */ = {
			isa = XCBuildConfiguration;
			buildSettings = {
				ALWAYS_SEARCH_USER_PATHS = NO;
				CLANG_ANALYZER_NONNULL = YES;
				CLANG_ANALYZER_NUMBER_OBJECT_CONVERSION = YES_AGGRESSIVE;
				CLANG_CXX_LANGUAGE_STANDARD = "gnu++14";
				CLANG_CXX_LIBRARY = "libc++";
				CLANG_ENABLE_MODULES = YES;
				CLANG_ENABLE_OBJC_ARC = YES;
				CLANG_ENABLE_OBJC_WEAK = YES;
				CLANG_WARN_BLOCK_CAPTURE_AUTORELEASING = YES;
				CLANG_WARN_BOOL_CONVERSION = YES;
				CLANG_WARN_COMMA = YES;
				CLANG_WARN_CONSTANT_CONVERSION = YES;
				CLANG_WARN_DEPRECATED_OBJC_IMPLEMENTATIONS = YES;
				CLANG_WARN_DIRECT_OBJC_ISA_USAGE = YES_ERROR;
				CLANG_WARN_DOCUMENTATION_COMMENTS = YES;
				CLANG_WARN_EMPTY_BODY = YES;
				CLANG_WARN_ENUM_CONVERSION = YES;
				CLANG_WARN_INFINITE_RECURSION = YES;
				CLANG_WARN_INT_CONVERSION = YES;
				CLANG_WARN_NON_LITERAL_NULL_CONVERSION = YES;
				CLANG_WARN_OBJC_IMPLICIT_RETAIN_SELF = YES;
				CLANG_WARN_OBJC_LITERAL_CONVERSION = YES;
				CLANG_WARN_OBJC_ROOT_CLASS = YES_ERROR;
				CLANG_WARN_RANGE_LOOP_ANALYSIS = YES;
				CLANG_WARN_STRICT_PROTOTYPES = YES;
				CLANG_WARN_SUSPICIOUS_MOVE = YES;
				CLANG_WARN_UNGUARDED_AVAILABILITY = YES_AGGRESSIVE;
				CLANG_WARN_UNREACHABLE_CODE = YES;
				CLANG_WARN__DUPLICATE_METHOD_MATCH = YES;
				COPY_PHASE_STRIP = NO;
				DEBUG_INFORMATION_FORMAT = "dwarf-with-dsym";
				ENABLE_NS_ASSERTIONS = NO;
				ENABLE_STRICT_OBJC_MSGSEND = YES;
				GCC_C_LANGUAGE_STANDARD = gnu11;
				GCC_NO_COMMON_BLOCKS = YES;
				GCC_WARN_64_TO_32_BIT_CONVERSION = YES;
				GCC_WARN_ABOUT_RETURN_TYPE = YES_ERROR;
				GCC_WARN_UNDECLARED_SELECTOR = YES;
				GCC_WARN_UNINITIALIZED_AUTOS = YES_AGGRESSIVE;
				GCC_WARN_UNUSED_FUNCTION = YES;
				GCC_WARN_UNUSED_VARIABLE = YES;
				IPHONEOS_DEPLOYMENT_TARGET = 13.1;
				LIBRARY_SEARCH_PATHS = "${PROJECT_DIR}/Singular-SDK";
				MTL_ENABLE_DEBUG_INFO = NO;
				MTL_FAST_MATH = YES;
				SDKROOT = iphoneos;
				VALIDATE_PRODUCT = YES;
			};
			name = Release;
		};
		21DB6DC9237C036E008E845A /* Debug */ = {
			isa = XCBuildConfiguration;
			buildSettings = {
				ASSETCATALOG_COMPILER_APPICON_NAME = AppIcon;
				CODE_SIGN_ENTITLEMENTS = "ios-sample-app/iOS Sample App.entitlements";
				CODE_SIGN_IDENTITY = "Apple Development";
				CODE_SIGN_STYLE = Automatic;
				DEVELOPMENT_TEAM = DZG6XY7PWJ;
				INFOPLIST_FILE = "ios-sample-app/Info.plist";
				LD_RUNPATH_SEARCH_PATHS = (
					"$(inherited)",
					"@executable_path/Frameworks",
				);
				LIBRARY_SEARCH_PATHS = (
					"${PROJECT_DIR}/Singular-SDK",
					"$(PROJECT_DIR)/Singular-SDK",
				);
				PRODUCT_BUNDLE_IDENTIFIER = ios.sample.app;
				PRODUCT_NAME = iOSSampleApp;
				PROVISIONING_PROFILE_SPECIFIER = "";
				TARGETED_DEVICE_FAMILY = "1,2";
			};
			name = Debug;
		};
		21DB6DCA237C036E008E845A /* Release */ = {
			isa = XCBuildConfiguration;
			buildSettings = {
				ASSETCATALOG_COMPILER_APPICON_NAME = AppIcon;
				CODE_SIGN_ENTITLEMENTS = "ios-sample-app/iOS Sample App.entitlements";
				CODE_SIGN_IDENTITY = "Apple Development";
				CODE_SIGN_STYLE = Automatic;
				DEVELOPMENT_TEAM = DZG6XY7PWJ;
				INFOPLIST_FILE = "ios-sample-app/Info.plist";
				LD_RUNPATH_SEARCH_PATHS = (
					"$(inherited)",
					"@executable_path/Frameworks",
				);
				LIBRARY_SEARCH_PATHS = (
					"${PROJECT_DIR}/Singular-SDK",
					"$(PROJECT_DIR)/Singular-SDK",
				);
				PRODUCT_BUNDLE_IDENTIFIER = ios.sample.app;
				PRODUCT_NAME = iOSSampleApp;
				PROVISIONING_PROFILE_SPECIFIER = "";
				TARGETED_DEVICE_FAMILY = "1,2";
			};
			name = Release;
		};
/* End XCBuildConfiguration section */

/* Begin XCConfigurationList section */
		21DB6DAA237C036B008E845A /* Build configuration list for PBXProject "ios-sample-app" */ = {
			isa = XCConfigurationList;
			buildConfigurations = (
				21DB6DC6237C036E008E845A /* Debug */,
				21DB6DC7237C036E008E845A /* Release */,
			);
			defaultConfigurationIsVisible = 0;
			defaultConfigurationName = Release;
		};
		21DB6DC8237C036E008E845A /* Build configuration list for PBXNativeTarget "ios-sample-app" */ = {
			isa = XCConfigurationList;
			buildConfigurations = (
				21DB6DC9237C036E008E845A /* Debug */,
				21DB6DCA237C036E008E845A /* Release */,
			);
			defaultConfigurationIsVisible = 0;
			defaultConfigurationName = Release;
		};
/* End XCConfigurationList section */
	};
	rootObject = 21DB6DA7237C036B008E845A /* Project object */;
}
